Microsoft Visual Studio Solution File, Format Version 12.00
# Visual Studio 2012
Project("{FAE04EC0-301F-11D3-BF4B-00C04F79EFBC}") = "GodotDemo", "GodotDemo.csproj", "{46CCA759-284B-4FB1-84CA-601A24AAE5FD}"
EndProject
Global
	GlobalSection(SolutionConfigurationPlatforms) = preSolution
	Debug|Any CPU = Debug|Any CPU
	ExportDebug|Any CPU = ExportDebug|Any CPU
	ExportRelease|Any CPU = ExportRelease|Any CPU
	EndGlobalSection
	GlobalSection(ProjectConfigurationPlatforms) = postSolution
		{46CCA759-284B-4FB1-84CA-601A24AAE5FD}.Debug|Any CPU.ActiveCfg = Debug|Any CPU
		{46CCA759-284B-4FB1-84CA-601A24AAE5FD}.Debug|Any CPU.Build.0 = Debug|Any CPU
		{46CCA759-284B-4FB1-84CA-601A24AAE5FD}.ExportDebug|Any CPU.ActiveCfg = ExportDebug|Any CPU
		{46CCA759-284B-4FB1-84CA-601A24AAE5FD}.ExportDebug|Any CPU.Build.0 = ExportDebug|Any CPU
		{46CCA759-284B-4FB1-84CA-601A24AAE5FD}.ExportRelease|Any CPU.ActiveCfg = ExportRelease|Any CPU
		{46CCA759-284B-4FB1-84CA-601A24AAE5FD}.ExportRelease|Any CPU.Build.0 = ExportRelease|Any CPU
	EndGlobalSection
EndGlobal
